
Microsoft Visual Studio Solution File, Format Version 12.00
# Visual Studio 15
VisualStudioVersion = 15.0.26730.16
MinimumVisualStudioVersion = 10.0.40219.1
Project("{2150E333-8FDC-42A3-9474-1A3956D46DE8}") = "packages", "packages", "{AD4A0474-CBED-4609-8FD5-55B21BF55EC2}"
EndProject
Project("{2150E333-8FDC-42A3-9474-1A3956D46DE8}") = "sdk", "sdk", "{2925699C-F876-4348-AD98-DCD31394FBDE}"
EndProject
Project("{2150E333-8FDC-42A3-9474-1A3956D46DE8}") = "server", "server", "{87B98DDD-66C3-436C-ABAE-4B1115EE6E54}"
EndProject
Project("{2150E333-8FDC-42A3-9474-1A3956D46DE8}") = "src", "src", "{DC231D91-E5CB-443B-9A86-6881C63EE96E}"
EndProject
Project("{FAE04EC0-301F-11D3-BF4B-00C04F79EFBC}") = "LaunchDarkly.ServerSdk", "packages\sdk\server\src\LaunchDarkly.ServerSdk\LaunchDarkly.ServerSdk.csproj", "{449039F1-D45C-4D02-BB35-533846A1E40C}"
EndProject
Global
	GlobalSection(SolutionConfigurationPlatforms) = preSolution
		Debug|Any CPU = Debug|Any CPU
		Release|Any CPU = Release|Any CPU
	EndGlobalSection
	GlobalSection(ProjectConfigurationPlatforms) = postSolution
		{449039F1-D45C-4D02-BB35-533846A1E40C}.Debug|Any CPU.ActiveCfg = Debug|Any CPU
		{449039F1-D45C-4D02-BB35-533846A1E40C}.Debug|Any CPU.Build.0 = Debug|Any CPU
		{449039F1-D45C-4D02-BB35-533846A1E40C}.Release|Any CPU.ActiveCfg = Release|Any CPU
		{449039F1-D45C-4D02-BB35-533846A1E40C}.Release|Any CPU.Build.0 = Release|Any CPU
	EndGlobalSection
	GlobalSection(SolutionProperties) = preSolution
		HideSolutionNode = FALSE
	EndGlobalSection
	GlobalSection(ExtensibilityGlobals) = postSolution
		SolutionGuid = {D7F58FE1-D8E9-46EB-AE7F-4B5A388418AC}
	EndGlobalSection
	GlobalSection(NestedProjects) = preSolution
		{2925699C-F876-4348-AD98-DCD31394FBDE} = {AD4A0474-CBED-4609-8FD5-55B21BF55EC2}
		{87B98DDD-66C3-436C-ABAE-4B1115EE6E54} = {2925699C-F876-4348-AD98-DCD31394FBDE}
		{DC231D91-E5CB-443B-9A86-6881C63EE96E} = {87B98DDD-66C3-436C-ABAE-4B1115EE6E54}
		{449039F1-D45C-4D02-BB35-533846A1E40C} = {DC231D91-E5CB-443B-9A86-6881C63EE96E}
	EndGlobalSection
EndGlobal
